
Microsoft Visual Studio Solution File, Format Version 12.00
# Visual Studio 14
VisualStudioVersion = 14.0.25420.1
MinimumVisualStudioVersion = 10.0.40219.1
Project("{FAE04EC0-301F-11D3-BF4B-00C04F79EFBC}") = "ControlsLibrary", "ControlsLibrary\ControlsLibrary.csproj", "{CC6F201A-798B-484C-9627-9A4ACFF23659}"
EndProject
Project("{FAE04EC0-301F-11D3-BF4B-00C04F79EFBC}") = "ControlsLibraryDemo", "ControlsLibraryDemo\ControlsLibraryDemo.csproj", "{A1B24E03-97F8-4588-95C2-A085A636A4DA}"
EndProject
Global
	GlobalSection(SolutionConfigurationPlatforms) = preSolution
		Debug|Any CPU = Debug|Any CPU
		Release|Any CPU = Release|Any CPU
	EndGlobalSection
	GlobalSection(ProjectConfigurationPlatforms) = postSolution
		{CC6F201A-798B-484C-9627-9A4ACFF23659}.Debug|Any CPU.ActiveCfg = Debug|Any CPU
		{CC6F201A-798B-484C-9627-9A4ACFF23659}.Debug|Any CPU.Build.0 = Debug|Any CPU
		{CC6F201A-798B-484C-9627-9A4ACFF23659}.Release|Any CPU.ActiveCfg = Release|Any CPU
		{CC6F201A-798B-484C-9627-9A4ACFF23659}.Release|Any CPU.Build.0 = Release|Any CPU
		{A1B24E03-97F8-4588-95C2-A085A636A4DA}.Debug|Any CPU.ActiveCfg = Debug|Any CPU
		{A1B24E03-97F8-4588-95C2-A085A636A4DA}.Debug|Any CPU.Build.0 = Debug|Any CPU
		{A1B24E03-97F8-4588-95C2-A085A636A4DA}.Release|Any CPU.ActiveCfg = Release|Any CPU
		{A1B24E03-97F8-4588-95C2-A085A636A4DA}.Release|Any CPU.Build.0 = Release|Any CPU
	EndGlobalSection
	GlobalSection(SolutionProperties) = preSolution
		HideSolutionNode = FALSE
	EndGlobalSection
EndGlobal
